
Microsoft Visual Studio Solution File, Format Version 12.00
# Visual Studio Version 17
VisualStudioVersion = 17.4.33122.133
MinimumVisualStudioVersion = 10.0.40219.1
Project("{9A19103F-16F7-4668-BE54-9A1E7A4F7556}") = "First hello", "First hello\First hello.csproj", "{12602FD1-F872-4BCC-81FA-35BD0612B169}"
EndProject
Project("{9A19103F-16F7-4668-BE54-9A1E7A4F7556}") = "Hello Button", "Opdracht 2\Hello Button.csproj", "{92BBA8C5-4953-4093-8263-4DC5337251F8}"
EndProject
Project("{9A19103F-16F7-4668-BE54-9A1E7A4F7556}") = "First Drawing", "First Drawing\First Drawing.csproj", "{CBA831DB-0A56-459D-B0C9-03AD548E3FB8}"
EndProject
Project("{9A19103F-16F7-4668-BE54-9A1E7A4F7556}") = "Demo", "Demo\Demo.csproj", "{A602D23D-1AFC-45EC-8BC3-61280BE5A2E2}"
EndProject
Project("{9A19103F-16F7-4668-BE54-9A1E7A4F7556}") = "Demo2", "Demo2\Demo2.csproj", "{8E5283B1-F8E7-4DB7-8DFA-A6C3974003E9}"
EndProject
Project("{9A19103F-16F7-4668-BE54-9A1E7A4F7556}") = "Demo3", "Demo3\Demo3.csproj", "{A8FF88EE-8A02-48EE-B16D-51B70CF5ACFE}"
EndProject
Project("{9A19103F-16F7-4668-BE54-9A1E7A4F7556}") = "Demo4", "Demo4\Demo4.csproj", "{3C8DDD41-5AAC-4C46-8C2B-D11159B816F2}"
EndProject
Project("{9A19103F-16F7-4668-BE54-9A1E7A4F7556}") = "Demo5", "Demo5\Demo5.csproj", "{B30CFA31-6FF7-415E-8729-151C48D0033A}"
EndProject
Project("{9A19103F-16F7-4668-BE54-9A1E7A4F7556}") = "Demo6", "Demo6\Demo6.csproj", "{F4FA632E-5D16-4B80-9097-8551E3B00949}"
EndProject
Project("{9A19103F-16F7-4668-BE54-9A1E7A4F7556}") = "SomeShapes", "SomeShapes\SomeShapes.csproj", "{82AC14D2-B90B-4FC6-B2F4-9BEDC401102C}"
EndProject
Project("{9A19103F-16F7-4668-BE54-9A1E7A4F7556}") = "HFD3.1", "Hfd3.1\HFD3.1.csproj", "{8165AF87-031D-4A96-8F30-ACDA246A79FC}"
EndProject
Project("{9A19103F-16F7-4668-BE54-9A1E7A4F7556}") = "HFD3.2", "HFD3.2\HFD3.2.csproj", "{CB98F272-3951-41B5-BD95-FFCD0B1E996C}"
EndProject
Project("{9A19103F-16F7-4668-BE54-9A1E7A4F7556}") = "HFD3.3", "HFD3.3\HFD3.3.csproj", "{AF27F1D9-2006-454C-BF61-B354CE67D8BA}"
EndProject
Project("{9A19103F-16F7-4668-BE54-9A1E7A4F7556}") = "HFD3.4", "HFD3.4\HFD3.4.csproj", "{0DC5CF09-25D3-4B4F-A91C-0A46B52C9BF6}"
EndProject
Project("{9A19103F-16F7-4668-BE54-9A1E7A4F7556}") = "HFD3.5", "HFD3.5\HFD3.5.csproj", "{9448EB5A-F61D-4145-85A4-9F8DB0B18C51}"
EndProject
Project("{9A19103F-16F7-4668-BE54-9A1E7A4F7556}") = "HFD3.6", "HFD3.6\HFD3.6.csproj", "{796F53DD-E9E9-4124-8417-5554FB16F96F}"
EndProject
Project("{9A19103F-16F7-4668-BE54-9A1E7A4F7556}") = "Area Rectangle", "Area Rectangle\Area Rectangle.csproj", "{2E9214CE-EBF6-4B04-B5DE-3E6D6B009667}"
EndProject
Project("{9A19103F-16F7-4668-BE54-9A1E7A4F7556}") = "Testvraag 4.6", "Testvraag 4.6\Testvraag 4.6.csproj", "{61DDB604-690B-44E6-A0C2-03C27823BB30}"
EndProject
Project("{9A19103F-16F7-4668-BE54-9A1E7A4F7556}") = "EurosAndCents", "EurosAndCents\EurosAndCents.csproj", "{743008C6-9583-49D3-898F-AEE2A8E76102}"
EndProject
Project("{9A19103F-16F7-4668-BE54-9A1E7A4F7556}") = "HD4.2", "HD4.2\HD4.2.csproj", "{863FA2E2-24E2-4D7E-BB28-8CA95F3B0BBB}"
EndProject
Project("{9A19103F-16F7-4668-BE54-9A1E7A4F7556}") = "HD4.3", "HD4.3\HD4.3.csproj", "{41971026-0681-4E32-83D5-E1D96FBADD38}"
EndProject
Project("{9A19103F-16F7-4668-BE54-9A1E7A4F7556}") = "HFD4.5", "HFD4.5\HFD4.5.csproj", "{01FCD891-AF36-42CB-9514-F0D4E6E3648C}"
EndProject
Project("{9A19103F-16F7-4668-BE54-9A1E7A4F7556}") = "HD4.6", "HD4.7\HD4.6.csproj", "{2ACF6295-C6B2-4B5F-8737-6679EDDF624C}"
EndProject
Project("{FAE04EC0-301F-11D3-BF4B-00C04F79EFBC}") = "HD4.7", "HD4,7\HD4.7.csproj", "{85FE7599-4E8C-4C26-ADD2-7E397FEE82F8}"
EndProject
Project("{FAE04EC0-301F-11D3-BF4B-00C04F79EFBC}") = "HD4.8", "HD4.8\HD4.8.csproj", "{86FD3826-AC41-4328-971C-28B0DB49D679}"
EndProject
Project("{FAE04EC0-301F-11D3-BF4B-00C04F79EFBC}") = "HD4.9", "HD4.9\HD4.9.csproj", "{71647B16-5D5C-4FE4-8424-738B425A5875}"
EndProject
Project("{FAE04EC0-301F-11D3-BF4B-00C04F79EFBC}") = "HD4.10", "HD4.10\HD4.10.csproj", "{13F19002-2347-4BC2-8DFD-80B79D393E63}"
EndProject
Project("{FAE04EC0-301F-11D3-BF4B-00C04F79EFBC}") = "HD4.11", "HD4.11\HD4.11.csproj", "{3C99EE13-03FC-4C62-AD79-A9F35A9497C4}"
EndProject
Global
	GlobalSection(SolutionConfigurationPlatforms) = preSolution
		Debug|Any CPU = Debug|Any CPU
		Release|Any CPU = Release|Any CPU
	EndGlobalSection
	GlobalSection(ProjectConfigurationPlatforms) = postSolution
		{12602FD1-F872-4BCC-81FA-35BD0612B169}.Debug|Any CPU.ActiveCfg = Debug|Any CPU
		{12602FD1-F872-4BCC-81FA-35BD0612B169}.Debug|Any CPU.Build.0 = Debug|Any CPU
		{12602FD1-F872-4BCC-81FA-35BD0612B169}.Release|Any CPU.ActiveCfg = Release|Any CPU
		{12602FD1-F872-4BCC-81FA-35BD0612B169}.Release|Any CPU.Build.0 = Release|Any CPU
		{92BBA8C5-4953-4093-8263-4DC5337251F8}.Debug|Any CPU.ActiveCfg = Debug|Any CPU
		{92BBA8C5-4953-4093-8263-4DC5337251F8}.Debug|Any CPU.Build.0 = Debug|Any CPU
		{92BBA8C5-4953-4093-8263-4DC5337251F8}.Release|Any CPU.ActiveCfg = Release|Any CPU
		{92BBA8C5-4953-4093-8263-4DC5337251F8}.Release|Any CPU.Build.0 = Release|Any CPU
		{CBA831DB-0A56-459D-B0C9-03AD548E3FB8}.Debug|Any CPU.ActiveCfg = Debug|Any CPU
		{CBA831DB-0A56-459D-B0C9-03AD548E3FB8}.Debug|Any CPU.Build.0 = Debug|Any CPU
		{CBA831DB-0A56-459D-B0C9-03AD548E3FB8}.Release|Any CPU.ActiveCfg = Release|Any CPU
		{CBA831DB-0A56-459D-B0C9-03AD548E3FB8}.Release|Any CPU.Build.0 = Release|Any CPU
		{A602D23D-1AFC-45EC-8BC3-61280BE5A2E2}.Debug|Any CPU.ActiveCfg = Debug|Any CPU
		{A602D23D-1AFC-45EC-8BC3-61280BE5A2E2}.Debug|Any CPU.Build.0 = Debug|Any CPU
		{A602D23D-1AFC-45EC-8BC3-61280BE5A2E2}.Release|Any CPU.ActiveCfg = Release|Any CPU
		{A602D23D-1AFC-45EC-8BC3-61280BE5A2E2}.Release|Any CPU.Build.0 = Release|Any CPU
		{8E5283B1-F8E7-4DB7-8DFA-A6C3974003E9}.Debug|Any CPU.ActiveCfg = Debug|Any CPU
		{8E5283B1-F8E7-4DB7-8DFA-A6C3974003E9}.Debug|Any CPU.Build.0 = Debug|Any CPU
		{8E5283B1-F8E7-4DB7-8DFA-A6C3974003E9}.Release|Any CPU.ActiveCfg = Release|Any CPU
		{8E5283B1-F8E7-4DB7-8DFA-A6C3974003E9}.Release|Any CPU.Build.0 = Release|Any CPU
		{A8FF88EE-8A02-48EE-B16D-51B70CF5ACFE}.Debug|Any CPU.ActiveCfg = Debug|Any CPU
		{A8FF88EE-8A02-48EE-B16D-51B70CF5ACFE}.Debug|Any CPU.Build.0 = Debug|Any CPU
		{A8FF88EE-8A02-48EE-B16D-51B70CF5ACFE}.Release|Any CPU.ActiveCfg = Release|Any CPU
		{A8FF88EE-8A02-48EE-B16D-51B70CF5ACFE}.Release|Any CPU.Build.0 = Release|Any CPU
		{3C8DDD41-5AAC-4C46-8C2B-D11159B816F2}.Debug|Any CPU.ActiveCfg = Debug|Any CPU
		{3C8DDD41-5AAC-4C46-8C2B-D11159B816F2}.Debug|Any CPU.Build.0 = Debug|Any CPU
		{3C8DDD41-5AAC-4C46-8C2B-D11159B816F2}.Release|Any CPU.ActiveCfg = Release|Any CPU
		{3C8DDD41-5AAC-4C46-8C2B-D11159B816F2}.Release|Any CPU.Build.0 = Release|Any CPU
		{B30CFA31-6FF7-415E-8729-151C48D0033A}.Debug|Any CPU.ActiveCfg = Debug|Any CPU
		{B30CFA31-6FF7-415E-8729-151C48D0033A}.Debug|Any CPU.Build.0 = Debug|Any CPU
		{B30CFA31-6FF7-415E-8729-151C48D0033A}.Release|Any CPU.ActiveCfg = Release|Any CPU
		{B30CFA31-6FF7-415E-8729-151C48D0033A}.Release|Any CPU.Build.0 = Release|Any CPU
		{F4FA632E-5D16-4B80-9097-8551E3B00949}.Debug|Any CPU.ActiveCfg = Debug|Any CPU
		{F4FA632E-5D16-4B80-9097-8551E3B00949}.Debug|Any CPU.Build.0 = Debug|Any CPU
		{F4FA632E-5D16-4B80-9097-8551E3B00949}.Release|Any CPU.ActiveCfg = Release|Any CPU
		{F4FA632E-5D16-4B80-9097-8551E3B00949}.Release|Any CPU.Build.0 = Release|Any CPU
		{82AC14D2-B90B-4FC6-B2F4-9BEDC401102C}.Debug|Any CPU.ActiveCfg = Debug|Any CPU
		{82AC14D2-B90B-4FC6-B2F4-9BEDC401102C}.Debug|Any CPU.Build.0 = Debug|Any CPU
		{82AC14D2-B90B-4FC6-B2F4-9BEDC401102C}.Release|Any CPU.ActiveCfg = Release|Any CPU
		{82AC14D2-B90B-4FC6-B2F4-9BEDC401102C}.Release|Any CPU.Build.0 = Release|Any CPU
		{8165AF87-031D-4A96-8F30-ACDA246A79FC}.Debug|Any CPU.ActiveCfg = Debug|Any CPU
		{8165AF87-031D-4A96-8F30-ACDA246A79FC}.Debug|Any CPU.Build.0 = Debug|Any CPU
		{8165AF87-031D-4A96-8F30-ACDA246A79FC}.Release|Any CPU.ActiveCfg = Release|Any CPU
		{8165AF87-031D-4A96-8F30-ACDA246A79FC}.Release|Any CPU.Build.0 = Release|Any CPU
		{CB98F272-3951-41B5-BD95-FFCD0B1E996C}.Debug|Any CPU.ActiveCfg = Debug|Any CPU
		{CB98F272-3951-41B5-BD95-FFCD0B1E996C}.Debug|Any CPU.Build.0 = Debug|Any CPU
		{CB98F272-3951-41B5-BD95-FFCD0B1E996C}.Release|Any CPU.ActiveCfg = Release|Any CPU
		{CB98F272-3951-41B5-BD95-FFCD0B1E996C}.Release|Any CPU.Build.0 = Release|Any CPU
		{AF27F1D9-2006-454C-BF61-B354CE67D8BA}.Debug|Any CPU.ActiveCfg = Debug|Any CPU
		{AF27F1D9-2006-454C-BF61-B354CE67D8BA}.Debug|Any CPU.Build.0 = Debug|Any CPU
		{AF27F1D9-2006-454C-BF61-B354CE67D8BA}.Release|Any CPU.ActiveCfg = Release|Any CPU
		{AF27F1D9-2006-454C-BF61-B354CE67D8BA}.Release|Any CPU.Build.0 = Release|Any CPU
		{0DC5CF09-25D3-4B4F-A91C-0A46B52C9BF6}.Debug|Any CPU.ActiveCfg = Debug|Any CPU
		{0DC5CF09-25D3-4B4F-A91C-0A46B52C9BF6}.Debug|Any CPU.Build.0 = Debug|Any CPU
		{0DC5CF09-25D3-4B4F-A91C-0A46B52C9BF6}.Release|Any CPU.ActiveCfg = Release|Any CPU
		{0DC5CF09-25D3-4B4F-A91C-0A46B52C9BF6}.Release|Any CPU.Build.0 = Release|Any CPU
		{9448EB5A-F61D-4145-85A4-9F8DB0B18C51}.Debug|Any CPU.ActiveCfg = Debug|Any CPU
		{9448EB5A-F61D-4145-85A4-9F8DB0B18C51}.Debug|Any CPU.Build.0 = Debug|Any CPU
		{9448EB5A-F61D-4145-85A4-9F8DB0B18C51}.Release|Any CPU.ActiveCfg = Release|Any CPU
		{9448EB5A-F61D-4145-85A4-9F8DB0B18C51}.Release|Any CPU.Build.0 = Release|Any CPU
		{796F53DD-E9E9-4124-8417-5554FB16F96F}.Debug|Any CPU.ActiveCfg = Debug|Any CPU
		{796F53DD-E9E9-4124-8417-5554FB16F96F}.Debug|Any CPU.Build.0 = Debug|Any CPU
		{796F53DD-E9E9-4124-8417-5554FB16F96F}.Release|Any CPU.ActiveCfg = Release|Any CPU
		{796F53DD-E9E9-4124-8417-5554FB16F96F}.Release|Any CPU.Build.0 = Release|Any CPU
		{2E9214CE-EBF6-4B04-B5DE-3E6D6B009667}.Debug|Any CPU.ActiveCfg = Debug|Any CPU
		{2E9214CE-EBF6-4B04-B5DE-3E6D6B009667}.Debug|Any CPU.Build.0 = Debug|Any CPU
		{2E9214CE-EBF6-4B04-B5DE-3E6D6B009667}.Release|Any CPU.ActiveCfg = Release|Any CPU
		{2E9214CE-EBF6-4B04-B5DE-3E6D6B009667}.Release|Any CPU.Build.0 = Release|Any CPU
		{61DDB604-690B-44E6-A0C2-03C27823BB30}.Debug|Any CPU.ActiveCfg = Debug|Any CPU
		{61DDB604-690B-44E6-A0C2-03C27823BB30}.Debug|Any CPU.Build.0 = Debug|Any CPU
		{61DDB604-690B-44E6-A0C2-03C27823BB30}.Release|Any CPU.ActiveCfg = Release|Any CPU
		{61DDB604-690B-44E6-A0C2-03C27823BB30}.Release|Any CPU.Build.0 = Release|Any CPU
		{743008C6-9583-49D3-898F-AEE2A8E76102}.Debug|Any CPU.ActiveCfg = Debug|Any CPU
		{743008C6-9583-49D3-898F-AEE2A8E76102}.Debug|Any CPU.Build.0 = Debug|Any CPU
		{743008C6-9583-49D3-898F-AEE2A8E76102}.Release|Any CPU.ActiveCfg = Release|Any CPU
		{743008C6-9583-49D3-898F-AEE2A8E76102}.Release|Any CPU.Build.0 = Release|Any CPU
		{863FA2E2-24E2-4D7E-BB28-8CA95F3B0BBB}.Debug|Any CPU.ActiveCfg = Debug|Any CPU
		{863FA2E2-24E2-4D7E-BB28-8CA95F3B0BBB}.Debug|Any CPU.Build.0 = Debug|Any CPU
		{863FA2E2-24E2-4D7E-BB28-8CA95F3B0BBB}.Release|Any CPU.ActiveCfg = Release|Any CPU
		{863FA2E2-24E2-4D7E-BB28-8CA95F3B0BBB}.Release|Any CPU.Build.0 = Release|Any CPU
		{41971026-0681-4E32-83D5-E1D96FBADD38}.Debug|Any CPU.ActiveCfg = Debug|Any CPU
		{41971026-0681-4E32-83D5-E1D96FBADD38}.Debug|Any CPU.Build.0 = Debug|Any CPU
		{41971026-0681-4E32-83D5-E1D96FBADD38}.Release|Any CPU.ActiveCfg = Release|Any CPU
		{41971026-0681-4E32-83D5-E1D96FBADD38}.Release|Any CPU.Build.0 = Release|Any CPU
		{01FCD891-AF36-42CB-9514-F0D4E6E3648C}.Debug|Any CPU.ActiveCfg = Debug|Any CPU
		{01FCD891-AF36-42CB-9514-F0D4E6E3648C}.Debug|Any CPU.Build.0 = Debug|Any CPU
		{01FCD891-AF36-42CB-9514-F0D4E6E3648C}.Release|Any CPU.ActiveCfg = Release|Any CPU
		{01FCD891-AF36-42CB-9514-F0D4E6E3648C}.Release|Any CPU.Build.0 = Release|Any CPU
		{2ACF6295-C6B2-4B5F-8737-6679EDDF624C}.Debug|Any CPU.ActiveCfg = Debug|Any CPU
		{2ACF6295-C6B2-4B5F-8737-6679EDDF624C}.Debug|Any CPU.Build.0 = Debug|Any CPU
		{2ACF6295-C6B2-4B5F-8737-6679EDDF624C}.Release|Any CPU.ActiveCfg = Release|Any CPU
		{2ACF6295-C6B2-4B5F-8737-6679EDDF624C}.Release|Any CPU.Build.0 = Release|Any CPU
		{85FE7599-4E8C-4C26-ADD2-7E397FEE82F8}.Debug|Any CPU.ActiveCfg = Debug|Any CPU
		{85FE7599-4E8C-4C26-ADD2-7E397FEE82F8}.Debug|Any CPU.Build.0 = Debug|Any CPU
		{85FE7599-4E8C-4C26-ADD2-7E397FEE82F8}.Release|Any CPU.ActiveCfg = Release|Any CPU
		{85FE7599-4E8C-4C26-ADD2-7E397FEE82F8}.Release|Any CPU.Build.0 = Release|Any CPU
		{86FD3826-AC41-4328-971C-28B0DB49D679}.Debug|Any CPU.ActiveCfg = Debug|Any CPU
		{86FD3826-AC41-4328-971C-28B0DB49D679}.Debug|Any CPU.Build.0 = Debug|Any CPU
		{86FD3826-AC41-4328-971C-28B0DB49D679}.Release|Any CPU.ActiveCfg = Release|Any CPU
		{86FD3826-AC41-4328-971C-28B0DB49D679}.Release|Any CPU.Build.0 = Release|Any CPU
		{71647B16-5D5C-4FE4-8424-738B425A5875}.Debug|Any CPU.ActiveCfg = Debug|Any CPU
		{71647B16-5D5C-4FE4-8424-738B425A5875}.Debug|Any CPU.Build.0 = Debug|Any CPU
		{71647B16-5D5C-4FE4-8424-738B425A5875}.Release|Any CPU.ActiveCfg = Release|Any CPU
		{71647B16-5D5C-4FE4-8424-738B425A5875}.Release|Any CPU.Build.0 = Release|Any CPU
		{13F19002-2347-4BC2-8DFD-80B79D393E63}.Debug|Any CPU.ActiveCfg = Debug|Any CPU
		{13F19002-2347-4BC2-8DFD-80B79D393E63}.Debug|Any CPU.Build.0 = Debug|Any CPU
		{13F19002-2347-4BC2-8DFD-80B79D393E63}.Release|Any CPU.ActiveCfg = Release|Any CPU
		{13F19002-2347-4BC2-8DFD-80B79D393E63}.Release|Any CPU.Build.0 = Release|Any CPU
		{3C99EE13-03FC-4C62-AD79-A9F35A9497C4}.Debug|Any CPU.ActiveCfg = Debug|Any CPU
		{3C99EE13-03FC-4C62-AD79-A9F35A9497C4}.Debug|Any CPU.Build.0 = Debug|Any CPU
		{3C99EE13-03FC-4C62-AD79-A9F35A9497C4}.Release|Any CPU.ActiveCfg = Release|Any CPU
		{3C99EE13-03FC-4C62-AD79-A9F35A9497C4}.Release|Any CPU.Build.0 = Release|Any CPU
	EndGlobalSection
	GlobalSection(SolutionProperties) = preSolution
		HideSolutionNode = FALSE
	EndGlobalSection
	GlobalSection(ExtensibilityGlobals) = postSolution
		SolutionGuid = {17F0A877-7D4A-44C5-929E-84C0BEF11441}
	EndGlobalSection
EndGlobal
